<?xml version="1.0" encoding="utf-8"?>
<Project ToolsVersion="4.0" xmlns="http://schemas.microsoft.com/developer/msbuild/2003">
  <ItemGroup>
    <ClInclude Include="include\ByteForgeMath\Vector2.h">
      <Filter>include</Filter>
    </ClInclude>
    <ClInclude Include="include\ByteForgeMath\Matrix4.h">
      <Filter>include</Filter>
    </ClInclude>
  </ItemGroup>
  <ItemGroup>
    <Filter Include="include">
      <UniqueIdentifier>{51c0fe43-35d7-4fc4-acc5-cdffe0696eae}</UniqueIdentifier>
    </Filter>
  </ItemGroup>
</Project>